
Microsoft Visual Studio Solution File, Format Version 12.00
# Visual Studio Version 17
VisualStudioVersion = 17.10.35122.118
MinimumVisualStudioVersion = 10.0.40219.1
Project("{FAE04EC0-301F-11D3-BF4B-00C04F79EFBC}") = "Core_APISP", "Core_APISP\Core_APISP.csproj", "{0D2F9990-47C7-4B58-88A5-83925390858B}"
EndProject
Global
	GlobalSection(SolutionConfigurationPlatforms) = preSolution
		Debug|Any CPU = Debug|Any CPU
		Release|Any CPU = Release|Any CPU
	EndGlobalSection
	GlobalSection(ProjectConfigurationPlatforms) = postSolution
		{0D2F9990-47C7-4B58-88A5-83925390858B}.Debug|Any CPU.ActiveCfg = Debug|Any CPU
		{0D2F9990-47C7-4B58-88A5-83925390858B}.Debug|Any CPU.Build.0 = Debug|Any CPU
		{0D2F9990-47C7-4B58-88A5-83925390858B}.Release|Any CPU.ActiveCfg = Release|Any CPU
		{0D2F9990-47C7-4B58-88A5-83925390858B}.Release|Any CPU.Build.0 = Release|Any CPU
	EndGlobalSection
	GlobalSection(SolutionProperties) = preSolution
		HideSolutionNode = FALSE
	EndGlobalSection
	GlobalSection(ExtensibilityGlobals) = postSolution
		SolutionGuid = {D029EB0C-135B-41DA-A5EA-E21049E63904}
	EndGlobalSection
EndGlobal
